// !$*UTF8*$!
{
	archiveVersion = 1;
	classes = {
	};
	objectVersion = 56;
	objects = {

/* Begin PBXBuildFile section */
		DD5DA3772A79B13A00489411 /* partner_githubApp.swift in Sources */ = {isa = PBXBuildFile; fileRef = DD5DA3762A79B13A00489411 /* partner_githubApp.swift */; };
		DD5DA3792A79B13A00489411 /* ContentView.swift in Sources */ = {isa = PBXBuildFile; fileRef = DD5DA3782A79B13A00489411 /* ContentView.swift */; };
		DD5DA37B2A79B13B00489411 /* Assets.xcassets in Resources */ = {isa = PBXBuildFile; fileRef = DD5DA37A2A79B13B00489411 /* Assets.xcassets */; };
		DD5DA37E2A79B13B00489411 /* Preview Assets.xcassets in Resources */ = {isa = PBXBuildFile; fileRef = DD5DA37D2A79B13B00489411 /* Preview Assets.xcassets */; };
		DD5DA3882A79B13B00489411 /* partner_githubTests.swift in Sources */ = {isa = PBXBuildFile; fileRef = DD5DA3872A79B13B00489411 /* partner_githubTests.swift */; };
		DD5DA3922A79B13B00489411 /* partner_githubUITests.swift in Sources */ = {isa = PBXBuildFile; fileRef = DD5DA3912A79B13B00489411 /* partner_githubUITests.swift */; };
		DD5DA3942A79B13B00489411 /* partner_githubUITestsLaunchTests.swift in Sources */ = {isa = PBXBuildFile; fileRef = DD5DA3932A79B13B00489411 /* partner_githubUITestsLaunchTests.swift */; };
/* End PBXBuildFile section */

/* Begin PBXContainerItemProxy section */
		DD5DA3842A79B13B00489411 /* PBXContainerItemProxy */ = {
			isa = PBXContainerItemProxy;
			containerPortal = DD5DA36B2A79B13A00489411 /* Project object */;
			proxyType = 1;
			remoteGlobalIDString = DD5DA3722A79B13A00489411;
			remoteInfo = "partner github";
		};
		DD5DA38E2A79B13B00489411 /* PBXContainerItemProxy */ = {
			isa = PBXContainerItemProxy;
			containerPortal = DD5DA36B2A79B13A00489411 /* Project object */;
			proxyType = 1;
			remoteGlobalIDString = DD5DA3722A79B13A00489411;
			remoteInfo = "partner github";
		};
/* End PBXContainerItemProxy section */

/* Begin PBXFileReference section */
		DD5DA3732A79B13A00489411 /* partner github.app */ = {isa = PBXFileReference; explicitFileType = wrapper.application; includeInIndex = 0; path = "partner github.app"; sourceTree = BUILT_PRODUCTS_DIR; };
		DD5DA3762A79B13A00489411 /* partner_githubApp.swift */ = {isa = PBXFileReference; lastKnownFileType = sourcecode.swift; path = partner_githubApp.swift; sourceTree = "<group>"; };
		DD5DA3782A79B13A00489411 /* ContentView.swift */ = {isa = PBXFileReference; lastKnownFileType = sourcecode.swift; path = ContentView.swift; sourceTree = "<group>"; };
		DD5DA37A2A79B13B00489411 /* Assets.xcassets */ = {isa = PBXFileReference; lastKnownFileType = folder.assetcatalog; path = Assets.xcassets; sourceTree = "<group>"; };
		DD5DA37D2A79B13B00489411 /* Preview Assets.xcassets */ = {isa = PBXFileReference; lastKnownFileType = folder.assetcatalog; path = "Preview Assets.xcassets"; sourceTree = "<group>"; };
		DD5DA3832A79B13B00489411 /* partner githubTests.xctest */ = {isa = PBXFileReference; explicitFileType = wrapper.cfbundle; includeInIndex = 0; path = "partner githubTests.xctest"; sourceTree = BUILT_PRODUCTS_DIR; };
		DD5DA3872A79B13B00489411 /* partner_githubTests.swift */ = {isa = PBXFileReference; lastKnownFileType = sourcecode.swift; path = partner_githubTests.swift; sourceTree = "<group>"; };
		DD5DA38D2A79B13B00489411 /* partner githubUITests.xctest */ = {isa = PBXFileReference; explicitFileType = wrapper.cfbundle; includeInIndex = 0; path = "partner githubUITests.xctest"; sourceTree = BUILT_PRODUCTS_DIR; };
		DD5DA3912A79B13B00489411 /* partner_githubUITests.swift */ = {isa = PBXFileReference; lastKnownFileType = sourcecode.swift; path = partner_githubUITests.swift; sourceTree = "<group>"; };
		DD5DA3932A79B13B00489411 /* partner_githubUITestsLaunchTests.swift */ = {isa = PBXFileReference; lastKnownFileType = sourcecode.swift; path = partner_githubUITestsLaunchTests.swift; sourceTree = "<group>"; };
/* End PBXFileReference section */

/* Begin PBXFrameworksBuildPhase section */
		DD5DA3702A79B13A00489411 /* Frameworks */ = {
			isa = PBXFrameworksBuildPhase;
			buildActionMask = 2147483647;
			files = (
			);
			runOnlyForDeploymentPostprocessing = 0;
		};
		DD5DA3802A79B13B00489411 /* Frameworks */ = {
			isa = PBXFrameworksBuildPhase;
			buildActionMask = 2147483647;
			files = (
			);
			runOnlyForDeploymentPostprocessing = 0;
		};
		DD5DA38A2A79B13B00489411 /* Frameworks */ = {
			isa = PBXFrameworksBuildPhase;
			buildActionMask = 2147483647;
			files = (
			);
			runOnlyForDeploymentPostprocessing = 0;
		};
/* End PBXFrameworksBuildPhase section */

/* Begin PBXGroup section */
		DD5DA36A2A79B13A00489411 = {
			isa = PBXGroup;
			children = (
				DD5DA3752A79B13A00489411 /* partner github */,
				DD5DA3862A79B13B00489411 /* partner githubTests */,
				DD5DA3902A79B13B00489411 /* partner githubUITests */,
				DD5DA3742A79B13A00489411 /* Products */,
			);
			sourceTree = "<group>";
		};
		DD5DA3742A79B13A00489411 /* Products */ = {
			isa = PBXGroup;
			children = (
				DD5DA3732A79B13A00489411 /* partner github.app */,
				DD5DA3832A79B13B00489411 /* partner githubTests.xctest */,
				DD5DA38D2A79B13B00489411 /* partner githubUITests.xctest */,
			);
			name = Products;
			sourceTree = "<group>";
		};
		DD5DA3752A79B13A00489411 /* partner github */ = {
			isa = PBXGroup;
			children = (
				DD5DA3762A79B13A00489411 /* partner_githubApp.swift */,
				DD5DA3782A79B13A00489411 /* ContentView.swift */,
				DD5DA37A2A79B13B00489411 /* Assets.xcassets */,
				DD5DA37C2A79B13B00489411 /* Preview Content */,
			);
			path = "partner github";
			sourceTree = "<group>";
		};
		DD5DA37C2A79B13B00489411 /* Preview Content */ = {
			isa = PBXGroup;
			children = (
				DD5DA37D2A79B13B00489411 /* Preview Assets.xcassets */,
			);
			path = "Preview Content";
			sourceTree = "<group>";
		};
		DD5DA3862A79B13B00489411 /* partner githubTests */ = {
			isa = PBXGroup;
			children = (
				DD5DA3872A79B13B00489411 /* partner_githubTests.swift */,
			);
			path = "partner githubTests";
			sourceTree = "<group>";
		};
		DD5DA3902A79B13B00489411 /* partner githubUITests */ = {
			isa = PBXGroup;
			children = (
				DD5DA3912A79B13B00489411 /* partner_githubUITests.swift */,
				DD5DA3932A79B13B00489411 /* partner_githubUITestsLaunchTests.swift */,
			);
			path = "partner githubUITests";
			sourceTree = "<group>";
		};
/* End PBXGroup section */

/* Begin PBXNativeTarget section */
		DD5DA3722A79B13A00489411 /* partner github */ = {
			isa = PBXNativeTarget;
			buildConfigurationList = DD5DA3972A79B13B00489411 /* Build configuration list for PBXNativeTarget "partner github" */;
			buildPhases = (
				DD5DA36F2A79B13A00489411 /* Sources */,
				DD5DA3702A79B13A00489411 /* Frameworks */,
				DD5DA3712A79B13A00489411 /* Resources */,
			);
			buildRules = (
			);
			dependencies = (
			);
			name = "partner github";
			productName = "partner github";
			productReference = DD5DA3732A79B13A00489411 /* partner github.app */;
			productType = "com.apple.product-type.application";
		};
		DD5DA3822A79B13B00489411 /* partner githubTests */ = {
			isa = PBXNativeTarget;
			buildConfigurationList = DD5DA39A2A79B13B00489411 /* Build configuration list for PBXNativeTarget "partner githubTests" */;
			buildPhases = (
				DD5DA37F2A79B13B00489411 /* Sources */,
				DD5DA3802A79B13B00489411 /* Frameworks */,
				DD5DA3812A79B13B00489411 /* Resources */,
			);
			buildRules = (
			);
			dependencies = (
				DD5DA3852A79B13B00489411 /* PBXTargetDependency */,
			);
			name = "partner githubTests";
			productName = "partner githubTests";
			productReference = DD5DA3832A79B13B00489411 /* partner githubTests.xctest */;
			productType = "com.apple.product-type.bundle.unit-test";
		};
		DD5DA38C2A79B13B00489411 /* partner githubUITests */ = {
			isa = PBXNativeTarget;
			buildConfigurationList = DD5DA39D2A79B13B00489411 /* Build configuration list for PBXNativeTarget "partner githubUITests" */;
			buildPhases = (
				DD5DA3892A79B13B00489411 /* Sources */,
				DD5DA38A2A79B13B00489411 /* Frameworks */,
				DD5DA38B2A79B13B00489411 /* Resources */,
			);
			buildRules = (
			);
			dependencies = (
				DD5DA38F2A79B13B00489411 /* PBXTargetDependency */,
			);
			name = "partner githubUITests";
			productName = "partner githubUITests";
			productReference = DD5DA38D2A79B13B00489411 /* partner githubUITests.xctest */;
			productType = "com.apple.product-type.bundle.ui-testing";
		};
/* End PBXNativeTarget section */

/* Begin PBXProject section */
		DD5DA36B2A79B13A00489411 /* Project object */ = {
			isa = PBXProject;
			attributes = {
				BuildIndependentTargetsInParallel = 1;
				LastSwiftUpdateCheck = 1430;
				LastUpgradeCheck = 1430;
				TargetAttributes = {
					DD5DA3722A79B13A00489411 = {
						CreatedOnToolsVersion = 14.3.1;
					};
					DD5DA3822A79B13B00489411 = {
						CreatedOnToolsVersion = 14.3.1;
						TestTargetID = DD5DA3722A79B13A00489411;
					};
					DD5DA38C2A79B13B00489411 = {
						CreatedOnToolsVersion = 14.3.1;
						TestTargetID = DD5DA3722A79B13A00489411;
					};
				};
			};
			buildConfigurationList = DD5DA36E2A79B13A00489411 /* Build configuration list for PBXProject "partner github" */;
			compatibilityVersion = "Xcode 14.0";
			developmentRegion = en;
			hasScannedForEncodings = 0;
			knownRegions = (
				en,
				Base,
			);
			mainGroup = DD5DA36A2A79B13A00489411;
			productRefGroup = DD5DA3742A79B13A00489411 /* Products */;
			projectDirPath = "";
			projectRoot = "";
			targets = (
				DD5DA3722A79B13A00489411 /* partner github */,
				DD5DA3822A79B13B00489411 /* partner githubTests */,
				DD5DA38C2A79B13B00489411 /* partner githubUITests */,
			);
		};
/* End PBXProject section */

/* Begin PBXResourcesBuildPhase section */
		DD5DA3712A79B13A00489411 /* Resources */ = {
			isa = PBXResourcesBuildPhase;
			buildActionMask = 2147483647;
			files = (
				DD5DA37E2A79B13B00489411 /* Preview Assets.xcassets in Resources */,
				DD5DA37B2A79B13B00489411 /* Assets.xcassets in Resources */,
			);
			runOnlyForDeploymentPostprocessing = 0;
		};
		DD5DA3812A79B13B00489411 /* Resources */ = {
			isa = PBXResourcesBuildPhase;
			buildActionMask = 2147483647;
			files = (
			);
			runOnlyForDeploymentPostprocessing = 0;
		};
		DD5DA38B2A79B13B00489411 /* Resources */ = {
			isa = PBXResourcesBuildPhase;
			buildActionMask = 2147483647;
			files = (
			);
			runOnlyForDeploymentPostprocessing = 0;
		};
/* End PBXResourcesBuildPhase section */

/* Begin PBXSourcesBuildPhase section */
		DD5DA36F2A79B13A00489411 /* Sources */ = {
			isa = PBXSourcesBuildPhase;
			buildActionMask = 2147483647;
			files = (
				DD5DA3792A79B13A00489411 /* ContentView.swift in Sources */,
				DD5DA3772A79B13A00489411 /* partner_githubApp.swift in Sources */,
			);
			runOnlyForDeploymentPostprocessing = 0;
		};
		DD5DA37F2A79B13B00489411 /* Sources */ = {
			isa = PBXSourcesBuildPhase;
			buildActionMask = 2147483647;
			files = (
				DD5DA3882A79B13B00489411 /* partner_githubTests.swift in Sources */,
			);
			runOnlyForDeploymentPostprocessing = 0;
		};
		DD5DA3892A79B13B00489411 /* Sources */ = {
			isa = PBXSourcesBuildPhase;
			buildActionMask = 2147483647;
			files = (
				DD5DA3942A79B13B00489411 /* partner_githubUITestsLaunchTests.swift in Sources */,
				DD5DA3922A79B13B00489411 /* partner_githubUITests.swift in Sources */,
			);
			runOnlyForDeploymentPostprocessing = 0;
		};
/* End PBXSourcesBuildPhase section */

/* Begin PBXTargetDependency section */
		DD5DA3852A79B13B00489411 /* PBXTargetDependency */ = {
			isa = PBXTargetDependency;
			target = DD5DA3722A79B13A00489411 /* partner github */;
			targetProxy = DD5DA3842A79B13B00489411 /* PBXContainerItemProxy */;
		};
		DD5DA38F2A79B13B00489411 /* PBXTargetDependency */ = {
			isa = PBXTargetDependency;
			target = DD5DA3722A79B13A00489411 /* partner github */;
			targetProxy = DD5DA38E2A79B13B00489411 /* PBXContainerItemProxy */;
		};
/* End PBXTargetDependency section */

/* Begin XCBuildConfiguration section */
		DD5DA3952A79B13B00489411 /* Debug */ = {
			isa = XCBuildConfiguration;
			buildSettings = {
				ALWAYS_SEARCH_USER_PATHS = NO;
				CLANG_ANALYZER_NONNULL = YES;
				CLANG_ANALYZER_NUMBER_OBJECT_CONVERSION = YES_AGGRESSIVE;
				CLANG_CXX_LANGUAGE_STANDARD = "gnu++20";
				CLANG_ENABLE_MODULES = YES;
				CLANG_ENABLE_OBJC_ARC = YES;
				CLANG_ENABLE_OBJC_WEAK = YES;
				CLANG_WARN_BLOCK_CAPTURE_AUTORELEASING = YES;
				CLANG_WARN_BOOL_CONVERSION = YES;
				CLANG_WARN_COMMA = YES;
				CLANG_WARN_CONSTANT_CONVERSION = YES;
				CLANG_WARN_DEPRECATED_OBJC_IMPLEMENTATIONS = YES;
				CLANG_WARN_DIRECT_OBJC_ISA_USAGE = YES_ERROR;
				CLANG_WARN_DOCUMENTATION_COMMENTS = YES;
				CLANG_WARN_EMPTY_BODY = YES;
				CLANG_WARN_ENUM_CONVERSION = YES;
				CLANG_WARN_INFINITE_RECURSION = YES;
				CLANG_WARN_INT_CONVERSION = YES;
				CLANG_WARN_NON_LITERAL_NULL_CONVERSION = YES;
				CLANG_WARN_OBJC_IMPLICIT_RETAIN_SELF = YES;
				CLANG_WARN_OBJC_LITERAL_CONVERSION = YES;
				CLANG_WARN_OBJC_ROOT_CLASS = YES_ERROR;
				CLANG_WARN_QUOTED_INCLUDE_IN_FRAMEWORK_HEADER = YES;
				CLANG_WARN_RANGE_LOOP_ANALYSIS = YES;
				CLANG_WARN_STRICT_PROTOTYPES = YES;
				CLANG_WARN_SUSPICIOUS_MOVE = YES;
				CLANG_WARN_UNGUARDED_AVAILABILITY = YES_AGGRESSIVE;
				CLANG_WARN_UNREACHABLE_CODE = YES;
				CLANG_WARN__DUPLICATE_METHOD_MATCH = YES;
				COPY_PHASE_STRIP = NO;
				DEBUG_INFORMATION_FORMAT = dwarf;
				ENABLE_STRICT_OBJC_MSGSEND = YES;
				ENABLE_TESTABILITY = YES;
				GCC_C_LANGUAGE_STANDARD = gnu11;
				GCC_DYNAMIC_NO_PIC = NO;
				GCC_NO_COMMON_BLOCKS = YES;
				GCC_OPTIMIZATION_LEVEL = 0;
				GCC_PREPROCESSOR_DEFINITIONS = (
					"DEBUG=1",
					"$(inherited)",
				);
				GCC_WARN_64_TO_32_BIT_CONVERSION = YES;
				GCC_WARN_ABOUT_RETURN_TYPE = YES_ERROR;
				GCC_WARN_UNDECLARED_SELECTOR = YES;
				GCC_WARN_UNINITIALIZED_AUTOS = YES_AGGRESSIVE;
				GCC_WARN_UNUSED_FUNCTION = YES;
				GCC_WARN_UNUSED_VARIABLE = YES;
				IPHONEOS_DEPLOYMENT_TARGET = 16.4;
				MTL_ENABLE_DEBUG_INFO = INCLUDE_SOURCE;
				MTL_FAST_MATH = YES;
				ONLY_ACTIVE_ARCH = YES;
				SDKROOT = iphoneos;
				SWIFT_ACTIVE_COMPILATION_CONDITIONS = DEBUG;
				SWIFT_OPTIMIZATION_LEVEL = "-Onone";
			};
			name = Debug;
		};
		DD5DA3962A79B13B00489411 /* Release */ = {
			isa = XCBuildConfiguration;
			buildSettings = {
				ALWAYS_SEARCH_USER_PATHS = NO;
				CLANG_ANALYZER_NONNULL = YES;
				CLANG_ANALYZER_NUMBER_OBJECT_CONVERSION = YES_AGGRESSIVE;
				CLANG_CXX_LANGUAGE_STANDARD = "gnu++20";
				CLANG_ENABLE_MODULES = YES;
				CLANG_ENABLE_OBJC_ARC = YES;
				CLANG_ENABLE_OBJC_WEAK = YES;
				CLANG_WARN_BLOCK_CAPTURE_AUTORELEASING = YES;
				CLANG_WARN_BOOL_CONVERSION = YES;
				CLANG_WARN_COMMA = YES;
				CLANG_WARN_CONSTANT_CONVERSION = YES;
				CLANG_WARN_DEPRECATED_OBJC_IMPLEMENTATIONS = YES;
				CLANG_WARN_DIRECT_OBJC_ISA_USAGE = YES_ERROR;
				CLANG_WARN_DOCUMENTATION_COMMENTS = YES;
				CLANG_WARN_EMPTY_BODY = YES;
				CLANG_WARN_ENUM_CONVERSION = YES;
				CLANG_WARN_INFINITE_RECURSION = YES;
				CLANG_WARN_INT_CONVERSION = YES;
				CLANG_WARN_NON_LITERAL_NULL_CONVERSION = YES;
				CLANG_WARN_OBJC_IMPLICIT_RETAIN_SELF = YES;
				CLANG_WARN_OBJC_LITERAL_CONVERSION = YES;
				CLANG_WARN_OBJC_ROOT_CLASS = YES_ERROR;
				CLANG_WARN_QUOTED_INCLUDE_IN_FRAMEWORK_HEADER = YES;
				CLANG_WARN_RANGE_LOOP_ANALYSIS = YES;
				CLANG_WARN_STRICT_PROTOTYPES = YES;
				CLANG_WARN_SUSPICIOUS_MOVE = YES;
				CLANG_WARN_UNGUARDED_AVAILABILITY = YES_AGGRESSIVE;
				CLANG_WARN_UNREACHABLE_CODE = YES;
				CLANG_WARN__DUPLICATE_METHOD_MATCH = YES;
				COPY_PHASE_STRIP = NO;
				DEBUG_INFORMATION_FORMAT = "dwarf-with-dsym";
				ENABLE_NS_ASSERTIONS = NO;
				ENABLE_STRICT_OBJC_MSGSEND = YES;
				GCC_C_LANGUAGE_STANDARD = gnu11;
				GCC_NO_COMMON_BLOCKS = YES;
				GCC_WARN_64_TO_32_BIT_CONVERSION = YES;
				GCC_WARN_ABOUT_RETURN_TYPE = YES_ERROR;
				GCC_WARN_UNDECLARED_SELECTOR = YES;
				GCC_WARN_UNINITIALIZED_AUTOS = YES_AGGRESSIVE;
				GCC_WARN_UNUSED_FUNCTION = YES;
				GCC_WARN_UNUSED_VARIABLE = YES;
				IPHONEOS_DEPLOYMENT_TARGET = 16.4;
				MTL_ENABLE_DEBUG_INFO = NO;
				MTL_FAST_MATH = YES;
				SDKROOT = iphoneos;
				SWIFT_COMPILATION_MODE = wholemodule;
				SWIFT_OPTIMIZATION_LEVEL = "-O";
				VALIDATE_PRODUCT = YES;
			};
			name = Release;
		};
		DD5DA3982A79B13B00489411 /* Debug */ = {
			isa = XCBuildConfiguration;
			buildSettings = {
				ASSETCATALOG_COMPILER_APPICON_NAME = AppIcon;
				ASSETCATALOG_COMPILER_GLOBAL_ACCENT_COLOR_NAME = AccentColor;
				CODE_SIGN_STYLE = Automatic;
				CURRENT_PROJECT_VERSION = 1;
				DEVELOPMENT_ASSET_PATHS = "\"partner github/Preview Content\"";
				ENABLE_PREVIEWS = YES;
				GENERATE_INFOPLIST_FILE = YES;
				INFOPLIST_KEY_UIApplicationSceneManifest_Generation = YES;
				INFOPLIST_KEY_UIApplicationSupportsIndirectInputEvents = YES;
				INFOPLIST_KEY_UILaunchScreen_Generation = YES;
				INFOPLIST_KEY_UISupportedInterfaceOrientations_iPad = "UIInterfaceOrientationPortrait UIInterfaceOrientationPortraitUpsideDown UIInterfaceOrientationLandscapeLeft UIInterfaceOrientationLandscapeRight";
				INFOPLIST_KEY_UISupportedInterfaceOrientations_iPhone = "UIInterfaceOrientationPortrait UIInterfaceOrientationLandscapeLeft UIInterfaceOrientationLandscapeRight";
				LD_RUNPATH_SEARCH_PATHS = (
					"$(inherited)",
					"@executable_path/Frameworks",
				);
				MARKETING_VERSION = 1.0;
				PRODUCT_BUNDLE_IDENTIFIER = "KWK.partner-github";
				PRODUCT_NAME = "$(TARGET_NAME)";
				SWIFT_EMIT_LOC_STRINGS = YES;
				SWIFT_VERSION = 5.0;
				TARGETED_DEVICE_FAMILY = "1,2";
			};
			name = Debug;
		};
		DD5DA3992A79B13B00489411 /* Release */ = {
			isa = XCBuildConfiguration;
			buildSettings = {
				ASSETCATALOG_COMPILER_APPICON_NAME = AppIcon;
				ASSETCATALOG_COMPILER_GLOBAL_ACCENT_COLOR_NAME = AccentColor;
				CODE_SIGN_STYLE = Automatic;
				CURRENT_PROJECT_VERSION = 1;
				DEVELOPMENT_ASSET_PATHS = "\"partner github/Preview Content\"";
				ENABLE_PREVIEWS = YES;
				GENERATE_INFOPLIST_FILE = YES;
				INFOPLIST_KEY_UIApplicationSceneManifest_Generation = YES;
				INFOPLIST_KEY_UIApplicationSupportsIndirectInputEvents = YES;
				INFOPLIST_KEY_UILaunchScreen_Generation = YES;
				INFOPLIST_KEY_UISupportedInterfaceOrientations_iPad = "UIInterfaceOrientationPortrait UIInterfaceOrientationPortraitUpsideDown UIInterfaceOrientationLandscapeLeft UIInterfaceOrientationLandscapeRight";
				INFOPLIST_KEY_UISupportedInterfaceOrientations_iPhone = "UIInterfaceOrientationPortrait UIInterfaceOrientationLandscapeLeft UIInterfaceOrientationLandscapeRight";
				LD_RUNPATH_SEARCH_PATHS = (
					"$(inherited)",
					"@executable_path/Frameworks",
				);
				MARKETING_VERSION = 1.0;
				PRODUCT_BUNDLE_IDENTIFIER = "KWK.partner-github";
				PRODUCT_NAME = "$(TARGET_NAME)";
				SWIFT_EMIT_LOC_STRINGS = YES;
				SWIFT_VERSION = 5.0;
				TARGETED_DEVICE_FAMILY = "1,2";
			};
			name = Release;
		};
		DD5DA39B2A79B13B00489411 /* Debug */ = {
			isa = XCBuildConfiguration;
			buildSettings = {
				ALWAYS_EMBED_SWIFT_STANDARD_LIBRARIES = YES;
				BUNDLE_LOADER = "$(TEST_HOST)";
				CODE_SIGN_STYLE = Automatic;
				CURRENT_PROJECT_VERSION = 1;
				GENERATE_INFOPLIST_FILE = YES;
				IPHONEOS_DEPLOYMENT_TARGET = 16.4;
				MARKETING_VERSION = 1.0;
				PRODUCT_BUNDLE_IDENTIFIER = "KWK.partner-githubTests";
				PRODUCT_NAME = "$(TARGET_NAME)";
				SWIFT_EMIT_LOC_STRINGS = NO;
				SWIFT_VERSION = 5.0;
				TARGETED_DEVICE_FAMILY = "1,2";
				TEST_HOST = "$(BUILT_PRODUCTS_DIR)/partner github.app/$(BUNDLE_EXECUTABLE_FOLDER_PATH)/partner github";
			};
			name = Debug;
		};
		DD5DA39C2A79B13B00489411 /* Release */ = {
			isa = XCBuildConfiguration;
			buildSettings = {
				ALWAYS_EMBED_SWIFT_STANDARD_LIBRARIES = YES;
				BUNDLE_LOADER = "$(TEST_HOST)";
				CODE_SIGN_STYLE = Automatic;
				CURRENT_PROJECT_VERSION = 1;
				GENERATE_INFOPLIST_FILE = YES;
				IPHONEOS_DEPLOYMENT_TARGET = 16.4;
				MARKETING_VERSION = 1.0;
				PRODUCT_BUNDLE_IDENTIFIER = "KWK.partner-githubTests";
				PRODUCT_NAME = "$(TARGET_NAME)";
				SWIFT_EMIT_LOC_STRINGS = NO;
				SWIFT_VERSION = 5.0;
				TARGETED_DEVICE_FAMILY = "1,2";
				TEST_HOST = "$(BUILT_PRODUCTS_DIR)/partner github.app/$(BUNDLE_EXECUTABLE_FOLDER_PATH)/partner github";
			};
			name = Release;
		};
		DD5DA39E2A79B13B00489411 /* Debug */ = {
			isa = XCBuildConfiguration;
			buildSettings = {
				ALWAYS_EMBED_SWIFT_STANDARD_LIBRARIES = YES;
				CODE_SIGN_STYLE = Automatic;
				CURRENT_PROJECT_VERSION = 1;
				GENERATE_INFOPLIST_FILE = YES;
				MARKETING_VERSION = 1.0;
				PRODUCT_BUNDLE_IDENTIFIER = "KWK.partner-githubUITests";
				PRODUCT_NAME = "$(TARGET_NAME)";
				SWIFT_EMIT_LOC_STRINGS = NO;
				SWIFT_VERSION = 5.0;
				TARGETED_DEVICE_FAMILY = "1,2";
				TEST_TARGET_NAME = "partner github";
			};
			name = Debug;
		};
		DD5DA39F2A79B13B00489411 /* Release */ = {
			isa = XCBuildConfiguration;
			buildSettings = {
				ALWAYS_EMBED_SWIFT_STANDARD_LIBRARIES = YES;
				CODE_SIGN_STYLE = Automatic;
				CURRENT_PROJECT_VERSION = 1;
				GENERATE_INFOPLIST_FILE = YES;
				MARKETING_VERSION = 1.0;
				PRODUCT_BUNDLE_IDENTIFIER = "KWK.partner-githubUITests";
				PRODUCT_NAME = "$(TARGET_NAME)";
				SWIFT_EMIT_LOC_STRINGS = NO;
				SWIFT_VERSION = 5.0;
				TARGETED_DEVICE_FAMILY = "1,2";
				TEST_TARGET_NAME = "partner github";
			};
			name = Release;
		};
/* End XCBuildConfiguration section */

/* Begin XCConfigurationList section */
		DD5DA36E2A79B13A00489411 /* Build configuration list for PBXProject "partner github" */ = {
			isa = XCConfigurationList;
			buildConfigurations = (
				DD5DA3952A79B13B00489411 /* Debug */,
				DD5DA3962A79B13B00489411 /* Release */,
			);
			defaultConfigurationIsVisible = 0;
			defaultConfigurationName = Release;
		};
		DD5DA3972A79B13B00489411 /* Build configuration list for PBXNativeTarget "partner github" */ = {
			isa = XCConfigurationList;
			buildConfigurations = (
				DD5DA3982A79B13B00489411 /* Debug */,
				DD5DA3992A79B13B00489411 /* Release */,
			);
			defaultConfigurationIsVisible = 0;
			defaultConfigurationName = Release;
		};
		DD5DA39A2A79B13B00489411 /* Build configuration list for PBXNativeTarget "partner githubTests" */ = {
			isa = XCConfigurationList;
			buildConfigurations = (
				DD5DA39B2A79B13B00489411 /* Debug */,
				DD5DA39C2A79B13B00489411 /* Release */,
			);
			defaultConfigurationIsVisible = 0;
			defaultConfigurationName = Release;
		};
		DD5DA39D2A79B13B00489411 /* Build configuration list for PBXNativeTarget "partner githubUITests" */ = {
			isa = XCConfigurationList;
			buildConfigurations = (
				DD5DA39E2A79B13B00489411 /* Debug */,
				DD5DA39F2A79B13B00489411 /* Release */,
			);
			defaultConfigurationIsVisible = 0;
			defaultConfigurationName = Release;
		};
/* End XCConfigurationList section */
	};
	rootObject = DD5DA36B2A79B13A00489411 /* Project object */;
}
